
Microsoft Visual Studio Solution File, Format Version 12.00
# Visual Studio Version 17
VisualStudioVersion = 17.4.33205.214
MinimumVisualStudioVersion = 10.0.40219.1
Project("{9A19103F-16F7-4668-BE54-9A1E7A4F7556}") = "GeekBurguer.Products", "GeekBurguer.Products.csproj", "{D579C757-FEAA-4D30-9D2B-0A4E3EF81B75}"
EndProject
Project("{FAE04EC0-301F-11D3-BF4B-00C04F79EFBC}") = "GeekBurguer.Products.Contract", "GeekBurguer.Products.Contract\GeekBurguer.Products.Contract.csproj", "{6B4C5CA4-BA14-4985-99D7-C34CDC2917CA}"
EndProject
Global
	GlobalSection(SolutionConfigurationPlatforms) = preSolution
		Debug|Any CPU = Debug|Any CPU
		Release|Any CPU = Release|Any CPU
	EndGlobalSection
	GlobalSection(ProjectConfigurationPlatforms) = postSolution
		{D579C757-FEAA-4D30-9D2B-0A4E3EF81B75}.Debug|Any CPU.ActiveCfg = Debug|Any CPU
		{D579C757-FEAA-4D30-9D2B-0A4E3EF81B75}.Debug|Any CPU.Build.0 = Debug|Any CPU
		{D579C757-FEAA-4D30-9D2B-0A4E3EF81B75}.Release|Any CPU.ActiveCfg = Release|Any CPU
		{D579C757-FEAA-4D30-9D2B-0A4E3EF81B75}.Release|Any CPU.Build.0 = Release|Any CPU
		{6B4C5CA4-BA14-4985-99D7-C34CDC2917CA}.Debug|Any CPU.ActiveCfg = Debug|Any CPU
		{6B4C5CA4-BA14-4985-99D7-C34CDC2917CA}.Debug|Any CPU.Build.0 = Debug|Any CPU
		{6B4C5CA4-BA14-4985-99D7-C34CDC2917CA}.Release|Any CPU.ActiveCfg = Release|Any CPU
		{6B4C5CA4-BA14-4985-99D7-C34CDC2917CA}.Release|Any CPU.Build.0 = Release|Any CPU
	EndGlobalSection
	GlobalSection(SolutionProperties) = preSolution
		HideSolutionNode = FALSE
	EndGlobalSection
	GlobalSection(ExtensibilityGlobals) = postSolution
		SolutionGuid = {8307F5AB-ED49-43DC-A711-FAC979CEB362}
	EndGlobalSection
EndGlobal
